
Microsoft Visual Studio Solution File, Format Version 12.00
# Visual Studio 15
VisualStudioVersion = 15.0.28307.852
MinimumVisualStudioVersion = 10.0.40219.1
Project("{FAE04EC0-301F-11D3-BF4B-00C04F79EFBC}") = "HeatObjectCodeClassLibrary", "HeatObjectCodeClassLibrary\HeatObjectCodeClassLibrary.csproj", "{13ABB485-A1C6-41F7-A4FA-F4E358B0AE65}"
EndProject
Project("{FAE04EC0-301F-11D3-BF4B-00C04F79EFBC}") = "HeatingProject.Objects", "HeatingProject.Objects\HeatingProject.Objects.csproj", "{B07D3341-4A64-4CA0-8840-A34DF3FABB47}"
EndProject
Project("{9A19103F-16F7-4668-BE54-9A1E7A4F7556}") = "HeatingProject.Tests", "HeatingProject.Tests\HeatingProject.Tests.csproj", "{1AD39A56-A32E-4D0D-8A17-15603C9DAB4E}"
EndProject
Project("{FAE04EC0-301F-11D3-BF4B-00C04F79EFBC}") = "HeatingProject", "HeatingProject\HeatingProject.csproj", "{9791D537-56C7-4199-93B8-D9CD0D091AD3}"
EndProject
Global
	GlobalSection(SolutionConfigurationPlatforms) = preSolution
		Debug|Any CPU = Debug|Any CPU
		Release|Any CPU = Release|Any CPU
	EndGlobalSection
	GlobalSection(ProjectConfigurationPlatforms) = postSolution
		{13ABB485-A1C6-41F7-A4FA-F4E358B0AE65}.Debug|Any CPU.ActiveCfg = Debug|Any CPU
		{13ABB485-A1C6-41F7-A4FA-F4E358B0AE65}.Debug|Any CPU.Build.0 = Debug|Any CPU
		{13ABB485-A1C6-41F7-A4FA-F4E358B0AE65}.Release|Any CPU.ActiveCfg = Release|Any CPU
		{13ABB485-A1C6-41F7-A4FA-F4E358B0AE65}.Release|Any CPU.Build.0 = Release|Any CPU
		{B07D3341-4A64-4CA0-8840-A34DF3FABB47}.Debug|Any CPU.ActiveCfg = Debug|Any CPU
		{B07D3341-4A64-4CA0-8840-A34DF3FABB47}.Debug|Any CPU.Build.0 = Debug|Any CPU
		{B07D3341-4A64-4CA0-8840-A34DF3FABB47}.Release|Any CPU.ActiveCfg = Release|Any CPU
		{B07D3341-4A64-4CA0-8840-A34DF3FABB47}.Release|Any CPU.Build.0 = Release|Any CPU
		{1AD39A56-A32E-4D0D-8A17-15603C9DAB4E}.Debug|Any CPU.ActiveCfg = Debug|Any CPU
		{1AD39A56-A32E-4D0D-8A17-15603C9DAB4E}.Debug|Any CPU.Build.0 = Debug|Any CPU
		{1AD39A56-A32E-4D0D-8A17-15603C9DAB4E}.Release|Any CPU.ActiveCfg = Release|Any CPU
		{1AD39A56-A32E-4D0D-8A17-15603C9DAB4E}.Release|Any CPU.Build.0 = Release|Any CPU
		{9791D537-56C7-4199-93B8-D9CD0D091AD3}.Debug|Any CPU.ActiveCfg = Debug|Any CPU
		{9791D537-56C7-4199-93B8-D9CD0D091AD3}.Debug|Any CPU.Build.0 = Debug|Any CPU
		{9791D537-56C7-4199-93B8-D9CD0D091AD3}.Release|Any CPU.ActiveCfg = Release|Any CPU
		{9791D537-56C7-4199-93B8-D9CD0D091AD3}.Release|Any CPU.Build.0 = Release|Any CPU
	EndGlobalSection
	GlobalSection(SolutionProperties) = preSolution
		HideSolutionNode = FALSE
	EndGlobalSection
	GlobalSection(ExtensibilityGlobals) = postSolution
		SolutionGuid = {666B89A0-DC4F-401A-9F68-F10CF05294D4}
	EndGlobalSection
EndGlobal
